lockfileVersion: '6.0'

settings:
  autoInstallPeers: true
  excludeLinksFromLockfile: false

devDependencies:
  '@babel/parser':
    specifier: ^7.26.3
    version: 7.26.3

packages:

  /@babel/helper-string-parser@7.25.9:
    resolution: {integrity: sha512-4A/SCr/2KLd5jrtOMFzaKjVtAei3+2r/NChoBNoZ3EyP/+GlhoaEGoWOZUmFmoITP7zOJyHIMm+DYRd8o3PvHA==, tarball: http://artifactory.intra.xiaojukeji.com/artifactory/api/npm/npm/@babel/helper-string-parser/-/helper-string-parser-7.25.9.tgz?dl=https%3A%2F%2Fregistry.npmmirror.com%2F%40babel%2Fhelper-string-parser%2F-%2Fhelper-string-parser-7.25.9.tgz}
    engines: {node: '>=6.9.0'}
    dev: true

  /@babel/helper-validator-identifier@7.25.9:
    resolution: {integrity: sha512-Ed61U6XJc3CVRfkERJWDz4dJwKe7iLmmJsbOGu9wSloNSFttHV0I8g6UAgb7qnK5ly5bGLPd4oXZlxCdANBOWQ==, tarball: http://artifactory.intra.xiaojukeji.com/artifactory/api/npm/npm/@babel/helper-validator-identifier/-/helper-validator-identifier-7.25.9.tgz?dl=https%3A%2F%2Fregistry.npmmirror.com%2F%40babel%2Fhelper-validator-identifier%2F-%2Fhelper-validator-identifier-7.25.9.tgz}
    engines: {node: '>=6.9.0'}
    dev: true

  /@babel/parser@7.26.3:
    resolution: {integrity: sha512-WJ/CvmY8Mea8iDXo6a7RK2wbmJITT5fN3BEkRuFlxVyNx8jOKIIhmC4fSkTcPcf8JyavbBwIe6OpiCOBXt/IcA==, tarball: http://artifactory.intra.xiaojukeji.com/artifactory/api/npm/npm/@babel/parser/-/parser-7.26.3.tgz?dl=https%3A%2F%2Fregistry.npmmirror.com%2F%40babel%2Fparser%2F-%2Fparser-7.26.3.tgz}
    engines: {node: '>=6.0.0'}
    hasBin: true
    dependencies:
      '@babel/types': 7.26.3
    dev: true

  /@babel/types@7.26.3:
    resolution: {integrity: sha512-vN5p+1kl59GVKMvTHt55NzzmYVxprfJD+ql7U9NFIfKCBkYE55LYtS+WtPlaYOyzydrKI8Nezd+aZextrd+FMA==, tarball: http://artifactory.intra.xiaojukeji.com/artifactory/api/npm/npm/@babel/types/-/types-7.26.3.tgz?dl=https%3A%2F%2Fregistry.npmmirror.com%2F%40babel%2Ftypes%2F-%2Ftypes-7.26.3.tgz}
    engines: {node: '>=6.9.0'}
    dependencies:
      '@babel/helper-string-parser': 7.25.9
      '@babel/helper-validator-identifier': 7.25.9
    dev: true
